
Microsoft Visual Studio Solution File, Format Version 12.00
# Visual Studio Version 17
VisualStudioVersion = 17.3.32922.545
MinimumVisualStudioVersion = 10.0.40219.1
Project("{FAE04EC0-301F-11D3-BF4B-00C04F79EFBC}") = "Filmlabo", "Filmlabo.csproj", "{D99400C9-781C-4F4D-B7B3-028FE4C572F8}"
EndProject
Global
	GlobalSection(SolutionConfigurationPlatforms) = preSolution
		Debug|Any CPU = Debug|Any CPU
		Release|Any CPU = Release|Any CPU
	EndGlobalSection
	GlobalSection(ProjectConfigurationPlatforms) = postSolution
		{D99400C9-781C-4F4D-B7B3-028FE4C572F8}.Debug|Any CPU.ActiveCfg = Debug|Any CPU
		{D99400C9-781C-4F4D-B7B3-028FE4C572F8}.Debug|Any CPU.Build.0 = Debug|Any CPU
		{D99400C9-781C-4F4D-B7B3-028FE4C572F8}.Release|Any CPU.ActiveCfg = Release|Any CPU
		{D99400C9-781C-4F4D-B7B3-028FE4C572F8}.Release|Any CPU.Build.0 = Release|Any CPU
	EndGlobalSection
	GlobalSection(SolutionProperties) = preSolution
		HideSolutionNode = FALSE
	EndGlobalSection
	GlobalSection(ExtensibilityGlobals) = postSolution
		SolutionGuid = {2938DB8C-5A23-4CB8-8C5B-26B6ADBF5213}
	EndGlobalSection
EndGlobal
